
Microsoft Visual Studio Solution File, Format Version 12.00
# Visual Studio Version 17
VisualStudioVersion = 17.4.33213.308
MinimumVisualStudioVersion = 10.0.40219.1
Project("{FAE04EC0-301F-11D3-BF4B-00C04F79EFBC}") = "Week2", "Week2\Week2.csproj", "{E111538C-A0E9-4D88-BC83-98137A25C279}"
EndProject
Project("{FAE04EC0-301F-11D3-BF4B-00C04F79EFBC}") = "UserGenderValidation", "UserGenderValidation\UserGenderValidation.csproj", "{BA13113A-9D0E-40D9-98EC-7B88DDA5ECFC}"
EndProject
Project("{FAE04EC0-301F-11D3-BF4B-00C04F79EFBC}") = "UserAgeValidation", "UserAgeValidation\UserAgeValidation.csproj", "{C29E9B46-9466-4E25-8FE7-D9C12D02ED6A}"
EndProject
Global
	GlobalSection(SolutionConfigurationPlatforms) = preSolution
		Debug|Any CPU = Debug|Any CPU
		Release|Any CPU = Release|Any CPU
	EndGlobalSection
	GlobalSection(ProjectConfigurationPlatforms) = postSolution
		{E111538C-A0E9-4D88-BC83-98137A25C279}.Debug|Any CPU.ActiveCfg = Debug|Any CPU
		{E111538C-A0E9-4D88-BC83-98137A25C279}.Debug|Any CPU.Build.0 = Debug|Any CPU
		{E111538C-A0E9-4D88-BC83-98137A25C279}.Release|Any CPU.ActiveCfg = Release|Any CPU
		{E111538C-A0E9-4D88-BC83-98137A25C279}.Release|Any CPU.Build.0 = Release|Any CPU
		{BA13113A-9D0E-40D9-98EC-7B88DDA5ECFC}.Debug|Any CPU.ActiveCfg = Debug|Any CPU
		{BA13113A-9D0E-40D9-98EC-7B88DDA5ECFC}.Debug|Any CPU.Build.0 = Debug|Any CPU
		{BA13113A-9D0E-40D9-98EC-7B88DDA5ECFC}.Release|Any CPU.ActiveCfg = Release|Any CPU
		{BA13113A-9D0E-40D9-98EC-7B88DDA5ECFC}.Release|Any CPU.Build.0 = Release|Any CPU
		{C29E9B46-9466-4E25-8FE7-D9C12D02ED6A}.Debug|Any CPU.ActiveCfg = Debug|Any CPU
		{C29E9B46-9466-4E25-8FE7-D9C12D02ED6A}.Debug|Any CPU.Build.0 = Debug|Any CPU
		{C29E9B46-9466-4E25-8FE7-D9C12D02ED6A}.Release|Any CPU.ActiveCfg = Release|Any CPU
		{C29E9B46-9466-4E25-8FE7-D9C12D02ED6A}.Release|Any CPU.Build.0 = Release|Any CPU
	EndGlobalSection
	GlobalSection(SolutionProperties) = preSolution
		HideSolutionNode = FALSE
	EndGlobalSection
	GlobalSection(ExtensibilityGlobals) = postSolution
		SolutionGuid = {1FEB18FC-D011-43D5-848C-67E230407D24}
	EndGlobalSection
EndGlobal
